
Microsoft Visual Studio Solution File, Format Version 12.00
# Visual Studio Version 17
VisualStudioVersion = 17.3.32825.248
MinimumVisualStudioVersion = 10.0.40219.1
Project("{9A19103F-16F7-4668-BE54-9A1E7A4F7556}") = "Stage0", "Stage0\Stage0.csproj", "{E4297535-9490-4AD2-B57E-1CE86FC0740F}"
EndProject
Project("{9A19103F-16F7-4668-BE54-9A1E7A4F7556}") = "DalFacade", "DalFacade\DalFacade.csproj", "{203A6EFC-C2E4-4339-9AB4-55D9486D0C9C}"
EndProject
Project("{9A19103F-16F7-4668-BE54-9A1E7A4F7556}") = "DalList", "DalList\DalList.csproj", "{10EA9C61-C4F8-4DCA-A746-24DCE268E757}"
EndProject
Project("{9A19103F-16F7-4668-BE54-9A1E7A4F7556}") = "DalTest", "DalTest\DalTest.csproj", "{5ACF25CB-74DE-44CC-B489-0C66D70CA56F}"
	ProjectSection(ProjectDependencies) = postProject
		{F10FA4A8-3070-4D24-AF20-40DEBEA0780E} = {F10FA4A8-3070-4D24-AF20-40DEBEA0780E}
	EndProjectSection
EndProject
Project("{9A19103F-16F7-4668-BE54-9A1E7A4F7556}") = "BL", "BL\BL.csproj", "{962D2B32-CB34-4868-B4E2-F13E6F4D29B7}"
	ProjectSection(ProjectDependencies) = postProject
		{F10FA4A8-3070-4D24-AF20-40DEBEA0780E} = {F10FA4A8-3070-4D24-AF20-40DEBEA0780E}
	EndProjectSection
EndProject
Project("{9A19103F-16F7-4668-BE54-9A1E7A4F7556}") = "BlTest", "BlTest\BlTest.csproj", "{09E23B63-2939-4B0B-A315-3A37F230DA3A}"
EndProject
Project("{9A19103F-16F7-4668-BE54-9A1E7A4F7556}") = "PL", "PL\PL.csproj", "{545DC067-E46B-457F-ACFD-A00DCA208B63}"
EndProject
Project("{2150E333-8FDC-42A3-9474-1A3956D46DE8}") = "xml", "xml", "{31541B97-5B14-405E-9B8D-45D4EFCA255C}"
	ProjectSection(SolutionItems) = preProject
		xml\dal-config.xml = xml\dal-config.xml
	EndProjectSection
EndProject
Project("{FAE04EC0-301F-11D3-BF4B-00C04F79EFBC}") = "DalXml", "DalXml\DalXml.csproj", "{F10FA4A8-3070-4D24-AF20-40DEBEA0780E}"
EndProject
Global
	GlobalSection(SolutionConfigurationPlatforms) = preSolution
		Debug|Any CPU = Debug|Any CPU
		Release|Any CPU = Release|Any CPU
	EndGlobalSection
	GlobalSection(ProjectConfigurationPlatforms) = postSolution
		{E4297535-9490-4AD2-B57E-1CE86FC0740F}.Debug|Any CPU.ActiveCfg = Debug|Any CPU
		{E4297535-9490-4AD2-B57E-1CE86FC0740F}.Debug|Any CPU.Build.0 = Debug|Any CPU
		{E4297535-9490-4AD2-B57E-1CE86FC0740F}.Release|Any CPU.ActiveCfg = Release|Any CPU
		{E4297535-9490-4AD2-B57E-1CE86FC0740F}.Release|Any CPU.Build.0 = Release|Any CPU
		{203A6EFC-C2E4-4339-9AB4-55D9486D0C9C}.Debug|Any CPU.ActiveCfg = Debug|Any CPU
		{203A6EFC-C2E4-4339-9AB4-55D9486D0C9C}.Debug|Any CPU.Build.0 = Debug|Any CPU
		{203A6EFC-C2E4-4339-9AB4-55D9486D0C9C}.Release|Any CPU.ActiveCfg = Release|Any CPU
		{203A6EFC-C2E4-4339-9AB4-55D9486D0C9C}.Release|Any CPU.Build.0 = Release|Any CPU
		{10EA9C61-C4F8-4DCA-A746-24DCE268E757}.Debug|Any CPU.ActiveCfg = Debug|Any CPU
		{10EA9C61-C4F8-4DCA-A746-24DCE268E757}.Debug|Any CPU.Build.0 = Debug|Any CPU
		{10EA9C61-C4F8-4DCA-A746-24DCE268E757}.Release|Any CPU.ActiveCfg = Release|Any CPU
		{10EA9C61-C4F8-4DCA-A746-24DCE268E757}.Release|Any CPU.Build.0 = Release|Any CPU
		{5ACF25CB-74DE-44CC-B489-0C66D70CA56F}.Debug|Any CPU.ActiveCfg = Debug|Any CPU
		{5ACF25CB-74DE-44CC-B489-0C66D70CA56F}.Debug|Any CPU.Build.0 = Debug|Any CPU
		{5ACF25CB-74DE-44CC-B489-0C66D70CA56F}.Release|Any CPU.ActiveCfg = Release|Any CPU
		{5ACF25CB-74DE-44CC-B489-0C66D70CA56F}.Release|Any CPU.Build.0 = Release|Any CPU
		{962D2B32-CB34-4868-B4E2-F13E6F4D29B7}.Debug|Any CPU.ActiveCfg = Debug|Any CPU
		{962D2B32-CB34-4868-B4E2-F13E6F4D29B7}.Debug|Any CPU.Build.0 = Debug|Any CPU
		{962D2B32-CB34-4868-B4E2-F13E6F4D29B7}.Release|Any CPU.ActiveCfg = Release|Any CPU
		{962D2B32-CB34-4868-B4E2-F13E6F4D29B7}.Release|Any CPU.Build.0 = Release|Any CPU
		{09E23B63-2939-4B0B-A315-3A37F230DA3A}.Debug|Any CPU.ActiveCfg = Debug|Any CPU
		{09E23B63-2939-4B0B-A315-3A37F230DA3A}.Debug|Any CPU.Build.0 = Debug|Any CPU
		{09E23B63-2939-4B0B-A315-3A37F230DA3A}.Release|Any CPU.ActiveCfg = Release|Any CPU
		{09E23B63-2939-4B0B-A315-3A37F230DA3A}.Release|Any CPU.Build.0 = Release|Any CPU
		{545DC067-E46B-457F-ACFD-A00DCA208B63}.Debug|Any CPU.ActiveCfg = Debug|Any CPU
		{545DC067-E46B-457F-ACFD-A00DCA208B63}.Debug|Any CPU.Build.0 = Debug|Any CPU
		{545DC067-E46B-457F-ACFD-A00DCA208B63}.Release|Any CPU.ActiveCfg = Release|Any CPU
		{545DC067-E46B-457F-ACFD-A00DCA208B63}.Release|Any CPU.Build.0 = Release|Any CPU
		{F10FA4A8-3070-4D24-AF20-40DEBEA0780E}.Debug|Any CPU.ActiveCfg = Debug|Any CPU
		{F10FA4A8-3070-4D24-AF20-40DEBEA0780E}.Debug|Any CPU.Build.0 = Debug|Any CPU
		{F10FA4A8-3070-4D24-AF20-40DEBEA0780E}.Release|Any CPU.ActiveCfg = Release|Any CPU
		{F10FA4A8-3070-4D24-AF20-40DEBEA0780E}.Release|Any CPU.Build.0 = Release|Any CPU
	EndGlobalSection
	GlobalSection(SolutionProperties) = preSolution
		HideSolutionNode = FALSE
	EndGlobalSection
	GlobalSection(ExtensibilityGlobals) = postSolution
		SolutionGuid = {F700D982-21A1-4D2C-9992-27F08BEC0CEB}
	EndGlobalSection
EndGlobal
